
Microsoft Visual Studio Solution File, Format Version 12.00
# Visual Studio Version 17
VisualStudioVersion = 17.2.32526.322
MinimumVisualStudioVersion = 10.0.40219.1
Project("{FAE04EC0-301F-11D3-BF4B-00C04F79EFBC}") = "NZWalks-API", "NZWalks-API\NZWalks-API.csproj", "{50569D4C-28EB-4821-8541-6C71C009BBC8}"
EndProject
Global
	GlobalSection(SolutionConfigurationPlatforms) = preSolution
		Debug|Any CPU = Debug|Any CPU
		Release|Any CPU = Release|Any CPU
	EndGlobalSection
	GlobalSection(ProjectConfigurationPlatforms) = postSolution
		{50569D4C-28EB-4821-8541-6C71C009BBC8}.Debug|Any CPU.ActiveCfg = Debug|Any CPU
		{50569D4C-28EB-4821-8541-6C71C009BBC8}.Debug|Any CPU.Build.0 = Debug|Any CPU
		{50569D4C-28EB-4821-8541-6C71C009BBC8}.Release|Any CPU.ActiveCfg = Release|Any CPU
		{50569D4C-28EB-4821-8541-6C71C009BBC8}.Release|Any CPU.Build.0 = Release|Any CPU
	EndGlobalSection
	GlobalSection(SolutionProperties) = preSolution
		HideSolutionNode = FALSE
	EndGlobalSection
	GlobalSection(ExtensibilityGlobals) = postSolution
		SolutionGuid = {71B95219-B597-41E0-8ED8-05778009B6CA}
	EndGlobalSection
EndGlobal
